# This file is autogenerated, do not edit; changes may be undone by the next 'dep ensure'.


[[projects]]
  name = "github.com/bwesterb/byteswriter"
  packages = ["."]
  revision = "fe2f57e9fb9cee2d2843caa9e7bc1baa081fb567"
  version = "v1.0.0"

[[projects]]
  name = "github.com/bwesterb/go-atum"
  packages = ["."]
  revision = "9965266e59eee42f26153a8be40c1463c79ed17b"
  version = "v1.0.0"

[[projects]]
  name = "github.com/bwesterb/go-pow"
  packages = ["."]
  revision = "c84a42458d2e58f61395e19d07cfc9630df15dc6"
  version = "v1.0.0"

[[projects]]
  name = "github.com/bwesterb/go-xmssmt"
  packages = ["."]
  revision = "3dc1e812afc06ff57e314a9a2257c2ccba5264dc"
  version = "v1.0.0"

[[projects]]
  name = "github.com/certifi/gocertifi"
  packages = ["."]
  revision = "deb3ae2ef2610fde3330947281941c562861188b"
  version = "2018.01.18"

[[projects]]
  name = "github.com/cespare/xxhash"
  packages = ["."]
  revision = "3b82fb7d186719faeedd0c2864f868c74fbf79a1"
  version = "v2.0.0"

[[projects]]
  name = "github.com/dgrijalva/jwt-go"
  packages = ["."]
  revision = "06ea1031745cb8b3dab3f6a236daf2b0aa468b7e"
  version = "v3.2.0"

[[projects]]
  name = "github.com/edsrzf/mmap-go"
  packages = ["."]
  revision = "188cc3b666ba704534fa4f96e9e61f21f1e1ba7c"
  version = "v1.0.0"

[[projects]]
  branch = "master"
  name = "github.com/getsentry/raven-go"
  packages = ["."]
  revision = "5c24d5110e0e198d9ae16f1f3465366085001d92"

[[projects]]
  name = "github.com/go-errors/errors"
  packages = ["."]
  revision = "a6af135bd4e28680facf08a3d206b454abc877a4"
  version = "v1.0.1"

[[projects]]
  name = "github.com/hashicorp/errwrap"
  packages = ["."]
  revision = "8a6fb523712970c966eefc6b39ed2c5e74880354"
  version = "v1.0.0"

[[projects]]
  name = "github.com/hashicorp/go-cleanhttp"
  packages = ["."]
  revision = "eda1e5db218aad1db63ca4642c8906b26bcf2744"
  version = "v0.5.1"

[[projects]]
  name = "github.com/hashicorp/go-multierror"
  packages = ["."]
  revision = "886a7fbe3eb1c874d46f623bfa70af45f425b3d1"
  version = "v1.0.0"

[[projects]]
  name = "github.com/hashicorp/go-retryablehttp"
  packages = ["."]
  revision = "85a8ee556d7323a4faf0f4c17ee900e9ff1482e8"
  version = "v0.5.4"

[[projects]]
  branch = "master"
  name = "github.com/jasonlvhit/gocron"
  packages = ["."]
  revision = "f1cf2bd73e84a479e339a71f89b49b474ed6903c"

[[projects]]
  name = "github.com/konsorten/go-windows-terminal-sequences"
  packages = ["."]
  revision = "f55edac94c9bbba5d6182a4be46d86a2c9b5b50e"
  version = "v1.0.2"

[[projects]]
  branch = "master"
  name = "github.com/nightlyone/lockfile"
  packages = ["."]
  revision = "0ad87eef1443f64d3d8c50da647e2b1552851124"

[[projects]]
  name = "github.com/pkg/errors"
  packages = ["."]
  revision = "ba968bfe8b2f7e042a574c888954fccecfa385b4"
  version = "v0.8.1"

[[projects]]
  branch = "master"
  name = "github.com/privacybydesign/gabi"
  packages = [
    ".",
    "big",
    "safeprime"
  ]
  revision = "ce779395f4c98898f21f8c49f71f4b3353995127"

[[projects]]
  branch = "master"
  name = "github.com/privacybydesign/irmago"
  packages = [
    ".",
    "internal/disable_sigpipe",
    "internal/fs",
    "irmaclient"
  ]
  revision = "c8fd650e9a4953677b7bfdeeb2a24715ae55bfb7"

[[projects]]
  name = "github.com/sirupsen/logrus"
  packages = ["."]
  revision = "839c75faf7f98a33d445d181f3018b5c3409a45e"
  version = "v1.4.2"

[[projects]]
  branch = "master"
  name = "github.com/templexxx/cpufeat"
  packages = ["."]
  revision = "cef66df7f161dee20f4d650da7268d77eaaec82d"

[[projects]]
  name = "github.com/templexxx/xor"
  packages = ["."]
  revision = "0af8e873c554da75f37f2049cdffda804533d44c"
  version = "0.1.2"

[[projects]]
  branch = "master"
  name = "github.com/timshannon/bolthold"
  packages = ["."]
  revision = "aa134f742c1c6cd601585d3725c0ad59eaea4db8"

[[projects]]
  name = "go.etcd.io/bbolt"
  packages = ["."]
  revision = "a0458a2b35708eef59eb5f620ceb3cd1c01a824d"
  version = "v1.3.3"

[[projects]]
  branch = "master"
  name = "golang.org/x/crypto"
  packages = [
    "ed25519",
    "ed25519/internal/edwards25519",
    "sha3"
  ]
  revision = "4def268fd1a49955bfb3dda92fe3db4f924f2285"

[[projects]]
  branch = "master"
  name = "golang.org/x/sys"
  packages = [
    "cpu",
    "unix",
    "windows"
  ]
  revision = "04f50cda93cbb67f2afa353c52f342100e80e625"

[solve-meta]
  analyzer-name = "dep"
  analyzer-version = 1
  inputs-digest = "ad82f3334e50de14e042b7ff67ff660a956fb9ec55595c929f0aaf77c0e62f18"
  solver-name = "gps-cdcl"
  solver-version = 1
